
Microsoft Visual Studio Solution File, Format Version 11.00
# Visual Studio 2010
Project("{FAE04EC0-301F-11D3-BF4B-00C04F79EFBC}") = "Assembly-CSharp", "Assembly-CSharp.csproj", "{C839E22B-66E3-DEE7-FCB5-C608E8C71EED}"
EndProject
Project("{FAE04EC0-301F-11D3-BF4B-00C04F79EFBC}") = "AstarPathfindingProject", "AstarPathfindingProject.csproj", "{DF1988D4-E1BF-5DA8-E808-781E482BD6BE}"
EndProject
Project("{FAE04EC0-301F-11D3-BF4B-00C04F79EFBC}") = "AstarPathfindingProjectEditor", "AstarPathfindingProjectEditor.csproj", "{4557A958-8CDE-EEFD-DFF5-3984BCC88D84}"
EndProject
Project("{FAE04EC0-301F-11D3-BF4B-00C04F79EFBC}") = "PackageToolsEditor", "PackageToolsEditor.csproj", "{26E8F8B5-7E9E-9927-BE33-8DC218109673}"
EndProject
Global
	GlobalSection(SolutionConfigurationPlatforms) = preSolution
		Debug|Any CPU = Debug|Any CPU
		Release|Any CPU = Release|Any CPU
	EndGlobalSection
	GlobalSection(ProjectConfigurationPlatforms) = postSolution
		{C839E22B-66E3-DEE7-FCB5-C608E8C71EED}.Debug|Any CPU.ActiveCfg = Debug|Any CPU
		{C839E22B-66E3-DEE7-FCB5-C608E8C71EED}.Debug|Any CPU.Build.0 = Debug|Any CPU
		{C839E22B-66E3-DEE7-FCB5-C608E8C71EED}.Release|Any CPU.ActiveCfg = Release|Any CPU
		{C839E22B-66E3-DEE7-FCB5-C608E8C71EED}.Release|Any CPU.Build.0 = Release|Any CPU
		{DF1988D4-E1BF-5DA8-E808-781E482BD6BE}.Debug|Any CPU.ActiveCfg = Debug|Any CPU
		{DF1988D4-E1BF-5DA8-E808-781E482BD6BE}.Debug|Any CPU.Build.0 = Debug|Any CPU
		{DF1988D4-E1BF-5DA8-E808-781E482BD6BE}.Release|Any CPU.ActiveCfg = Release|Any CPU
		{DF1988D4-E1BF-5DA8-E808-781E482BD6BE}.Release|Any CPU.Build.0 = Release|Any CPU
		{4557A958-8CDE-EEFD-DFF5-3984BCC88D84}.Debug|Any CPU.ActiveCfg = Debug|Any CPU
		{4557A958-8CDE-EEFD-DFF5-3984BCC88D84}.Debug|Any CPU.Build.0 = Debug|Any CPU
		{4557A958-8CDE-EEFD-DFF5-3984BCC88D84}.Release|Any CPU.ActiveCfg = Release|Any CPU
		{4557A958-8CDE-EEFD-DFF5-3984BCC88D84}.Release|Any CPU.Build.0 = Release|Any CPU
		{26E8F8B5-7E9E-9927-BE33-8DC218109673}.Debug|Any CPU.ActiveCfg = Debug|Any CPU
		{26E8F8B5-7E9E-9927-BE33-8DC218109673}.Debug|Any CPU.Build.0 = Debug|Any CPU
		{26E8F8B5-7E9E-9927-BE33-8DC218109673}.Release|Any CPU.ActiveCfg = Release|Any CPU
		{26E8F8B5-7E9E-9927-BE33-8DC218109673}.Release|Any CPU.Build.0 = Release|Any CPU
	EndGlobalSection
	GlobalSection(SolutionProperties) = preSolution
		HideSolutionNode = FALSE
	EndGlobalSection
EndGlobal
